// !$*UTF8*$!
{
	archiveVersion = 1;
	classes = {
	};
	objectVersion = 46;
	objects = {

/* Begin PBXBuildFile section */
		FF3862421DE3E5A0006749EF /* CalculatorTests.swift in Sources */ = {isa = PBXBuildFile; fileRef = FF3862411DE3E5A0006749EF /* CalculatorTests.swift */; };
		FFE6EA911DBAA8E00045CB76 /* AppDelegate.swift in Sources */ = {isa = PBXBuildFile; fileRef = FFE6EA901DBAA8E00045CB76 /* AppDelegate.swift */; };
		FFE6EA961DBAA8E00045CB76 /* Main.storyboard in Resources */ = {isa = PBXBuildFile; fileRef = FFE6EA941DBAA8E00045CB76 /* Main.storyboard */; };
		FFE6EA981DBAA8E00045CB76 /* Assets.xcassets in Resources */ = {isa = PBXBuildFile; fileRef = FFE6EA971DBAA8E00045CB76 /* Assets.xcassets */; };
		FFE6EA9B1DBAA8E00045CB76 /* LaunchScreen.storyboard in Resources */ = {isa = PBXBuildFile; fileRef = FFE6EA991DBAA8E00045CB76 /* LaunchScreen.storyboard */; };
		FFE6EAA41DBAAA2C0045CB76 /* CalculatorService.swift in Sources */ = {isa = PBXBuildFile; fileRef = FFE6EAA31DBAAA2C0045CB76 /* CalculatorService.swift */; };
		FFE6EAA71DBAAD4B0045CB76 /* CalculatorViewController.swift in Sources */ = {isa = PBXBuildFile; fileRef = FFE6EAA61DBAAD4B0045CB76 /* CalculatorViewController.swift */; };
		FFE6EAA91DBAB3CD0045CB76 /* Operation.swift in Sources */ = {isa = PBXBuildFile; fileRef = FFE6EAA81DBAB3CD0045CB76 /* Operation.swift */; };
/* End PBXBuildFile section */

/* Begin PBXContainerItemProxy section */
		FF3862441DE3E5A0006749EF /* PBXContainerItemProxy */ = {
			isa = PBXContainerItemProxy;
			containerPortal = FFE6EA851DBAA8DF0045CB76 /* Project object */;
			proxyType = 1;
			remoteGlobalIDString = FFE6EA8C1DBAA8DF0045CB76;
			remoteInfo = Calculator;
		};
/* End PBXContainerItemProxy section */

/* Begin PBXFileReference section */
		FF38623F1DE3E59F006749EF /* CalculatorTests.xctest */ = {isa = PBXFileReference; explicitFileType = wrapper.cfbundle; includeInIndex = 0; path = CalculatorTests.xctest; sourceTree = BUILT_PRODUCTS_DIR; };
		FF3862411DE3E5A0006749EF /* CalculatorTests.swift */ = {isa = PBXFileReference; lastKnownFileType = sourcecode.swift; path = CalculatorTests.swift; sourceTree = "<group>"; };
		FF3862431DE3E5A0006749EF /* Info.plist */ = {isa = PBXFileReference; lastKnownFileType = text.plist.xml; path = Info.plist; sourceTree = "<group>"; };
		FFE6EA8D1DBAA8E00045CB76 /* Calculator.app */ = {isa = PBXFileReference; explicitFileType = wrapper.application; includeInIndex = 0; path = Calculator.app; sourceTree = BUILT_PRODUCTS_DIR; };
		FFE6EA901DBAA8E00045CB76 /* AppDelegate.swift */ = {isa = PBXFileReference; lastKnownFileType = sourcecode.swift; path = AppDelegate.swift; sourceTree = "<group>"; };
		FFE6EA951DBAA8E00045CB76 /* Base */ = {isa = PBXFileReference; lastKnownFileType = file.storyboard; name = Base; path = Base.lproj/Main.storyboard; sourceTree = "<group>"; };
		FFE6EA971DBAA8E00045CB76 /* Assets.xcassets */ = {isa = PBXFileReference; lastKnownFileType = folder.assetcatalog; path = Assets.xcassets; sourceTree = "<group>"; };
		FFE6EA9A1DBAA8E00045CB76 /* Base */ = {isa = PBXFileReference; lastKnownFileType = file.storyboard; name = Base; path = Base.lproj/LaunchScreen.storyboard; sourceTree = "<group>"; };
		FFE6EA9C1DBAA8E00045CB76 /* Info.plist */ = {isa = PBXFileReference; lastKnownFileType = text.plist.xml; path = Info.plist; sourceTree = "<group>"; };
		FFE6EAA31DBAAA2C0045CB76 /* CalculatorService.swift */ = {isa = PBXFileReference; fileEncoding = 4; lastKnownFileType = sourcecode.swift; path = CalculatorService.swift; sourceTree = "<group>"; };
		FFE6EAA61DBAAD4B0045CB76 /* CalculatorViewController.swift */ = {isa = PBXFileReference; fileEncoding = 4; lastKnownFileType = sourcecode.swift; path = CalculatorViewController.swift; sourceTree = "<group>"; };
		FFE6EAA81DBAB3CD0045CB76 /* Operation.swift */ = {isa = PBXFileReference; fileEncoding = 4; lastKnownFileType = sourcecode.swift; path = Operation.swift; sourceTree = "<group>"; };
/* End PBXFileReference section */

/* Begin PBXFrameworksBuildPhase section */
		FF38623C1DE3E59F006749EF /* Frameworks */ = {
			isa = PBXFrameworksBuildPhase;
			buildActionMask = 2147483647;
			files = (
			);
			runOnlyForDeploymentPostprocessing = 0;
		};
		FFE6EA8A1DBAA8DF0045CB76 /* Frameworks */ = {
			isa = PBXFrameworksBuildPhase;
			buildActionMask = 2147483647;
			files = (
			);
			runOnlyForDeploymentPostprocessing = 0;
		};
/* End PBXFrameworksBuildPhase section */

/* Begin PBXGroup section */
		FF38623A1DE3E4DE006749EF /* Views */ = {
			isa = PBXGroup;
			children = (
			);
			name = Views;
			sourceTree = "<group>";
		};
		FF3862401DE3E59F006749EF /* CalculatorTests */ = {
			isa = PBXGroup;
			children = (
				FF3862411DE3E5A0006749EF /* CalculatorTests.swift */,
				FF3862431DE3E5A0006749EF /* Info.plist */,
			);
			path = CalculatorTests;
			sourceTree = "<group>";
		};
		FFE6EA841DBAA8DF0045CB76 = {
			isa = PBXGroup;
			children = (
				FFE6EA8F1DBAA8E00045CB76 /* Calculator */,
				FF3862401DE3E59F006749EF /* CalculatorTests */,
				FFE6EA8E1DBAA8E00045CB76 /* Products */,
			);
			sourceTree = "<group>";
		};
		FFE6EA8E1DBAA8E00045CB76 /* Products */ = {
			isa = PBXGroup;
			children = (
				FFE6EA8D1DBAA8E00045CB76 /* Calculator.app */,
				FF38623F1DE3E59F006749EF /* CalculatorTests.xctest */,
			);
			name = Products;
			sourceTree = "<group>";
		};
		FFE6EA8F1DBAA8E00045CB76 /* Calculator */ = {
			isa = PBXGroup;
			children = (
				FFE6EAA21DBAA99F0045CB76 /* Model */,
				FFE6EAA51DBAAD0F0045CB76 /* ViewControllers */,
				FF38623A1DE3E4DE006749EF /* Views */,
				FFE6EA901DBAA8E00045CB76 /* AppDelegate.swift */,
				FFE6EA941DBAA8E00045CB76 /* Main.storyboard */,
				FFE6EA971DBAA8E00045CB76 /* Assets.xcassets */,
				FFE6EA991DBAA8E00045CB76 /* LaunchScreen.storyboard */,
				FFE6EA9C1DBAA8E00045CB76 /* Info.plist */,
			);
			path = Calculator;
			sourceTree = "<group>";
		};
		FFE6EAA21DBAA99F0045CB76 /* Model */ = {
			isa = PBXGroup;
			children = (
				FFE6EAA31DBAAA2C0045CB76 /* CalculatorService.swift */,
				FFE6EAA81DBAB3CD0045CB76 /* Operation.swift */,
			);
			path = Model;
			sourceTree = "<group>";
		};
		FFE6EAA51DBAAD0F0045CB76 /* ViewControllers */ = {
			isa = PBXGroup;
			children = (
				FFE6EAA61DBAAD4B0045CB76 /* CalculatorViewController.swift */,
			);
			path = ViewControllers;
			sourceTree = "<group>";
		};
/* End PBXGroup section */

/* Begin PBXNativeTarget section */
		FF38623E1DE3E59F006749EF /* CalculatorTests */ = {
			isa = PBXNativeTarget;
			buildConfigurationList = FF3862461DE3E5A0006749EF /* Build configuration list for PBXNativeTarget "CalculatorTests" */;
			buildPhases = (
				FF38623B1DE3E59F006749EF /* Sources */,
				FF38623C1DE3E59F006749EF /* Frameworks */,
				FF38623D1DE3E59F006749EF /* Resources */,
			);
			buildRules = (
			);
			dependencies = (
				FF3862451DE3E5A0006749EF /* PBXTargetDependency */,
			);
			name = CalculatorTests;
			productName = CalculatorTests;
			productReference = FF38623F1DE3E59F006749EF /* CalculatorTests.xctest */;
			productType = "com.apple.product-type.bundle.unit-test";
		};
		FFE6EA8C1DBAA8DF0045CB76 /* Calculator */ = {
			isa = PBXNativeTarget;
			buildConfigurationList = FFE6EA9F1DBAA8E00045CB76 /* Build configuration list for PBXNativeTarget "Calculator" */;
			buildPhases = (
				FFE6EA891DBAA8DF0045CB76 /* Sources */,
				FFE6EA8A1DBAA8DF0045CB76 /* Frameworks */,
				FFE6EA8B1DBAA8DF0045CB76 /* Resources */,
			);
			buildRules = (
			);
			dependencies = (
			);
			name = Calculator;
			productName = Calculator;
			productReference = FFE6EA8D1DBAA8E00045CB76 /* Calculator.app */;
			productType = "com.apple.product-type.application";
		};
/* End PBXNativeTarget section */

/* Begin PBXProject section */
		FFE6EA851DBAA8DF0045CB76 /* Project object */ = {
			isa = PBXProject;
			attributes = {
				LastSwiftUpdateCheck = 0810;
				LastUpgradeCheck = 0810;
				ORGANIZATIONNAME = Caeno;
				TargetAttributes = {
					FF38623E1DE3E59F006749EF = {
						CreatedOnToolsVersion = 8.1;
						DevelopmentTeam = EH74SS8EP5;
						ProvisioningStyle = Automatic;
						TestTargetID = FFE6EA8C1DBAA8DF0045CB76;
					};
					FFE6EA8C1DBAA8DF0045CB76 = {
						CreatedOnToolsVersion = 8.0;
						DevelopmentTeam = EH74SS8EP5;
						ProvisioningStyle = Automatic;
					};
				};
			};
			buildConfigurationList = FFE6EA881DBAA8DF0045CB76 /* Build configuration list for PBXProject "Calculator" */;
			compatibilityVersion = "Xcode 3.2";
			developmentRegion = English;
			hasScannedForEncodings = 0;
			knownRegions = (
				en,
				Base,
			);
			mainGroup = FFE6EA841DBAA8DF0045CB76;
			productRefGroup = FFE6EA8E1DBAA8E00045CB76 /* Products */;
			projectDirPath = "";
			projectRoot = "";
			targets = (
				FFE6EA8C1DBAA8DF0045CB76 /* Calculator */,
				FF38623E1DE3E59F006749EF /* CalculatorTests */,
			);
		};
/* End PBXProject section */

/* Begin PBXResourcesBuildPhase section */
		FF38623D1DE3E59F006749EF /* Resources */ = {
			isa = PBXResourcesBuildPhase;
			buildActionMask = 2147483647;
			files = (
			);
			runOnlyForDeploymentPostprocessing = 0;
		};
		FFE6EA8B1DBAA8DF0045CB76 /* Resources */ = {
			isa = PBXResourcesBuildPhase;
			buildActionMask = 2147483647;
			files = (
				FFE6EA9B1DBAA8E00045CB76 /* LaunchScreen.storyboard in Resources */,
				FFE6EA981DBAA8E00045CB76 /* Assets.xcassets in Resources */,
				FFE6EA961DBAA8E00045CB76 /* Main.storyboard in Resources */,
			);
			runOnlyForDeploymentPostprocessing = 0;
		};
/* End PBXResourcesBuildPhase section */

/* Begin PBXSourcesBuildPhase section */
		FF38623B1DE3E59F006749EF /* Sources */ = {
			isa = PBXSourcesBuildPhase;
			buildActionMask = 2147483647;
			files = (
				FF3862421DE3E5A0006749EF /* CalculatorTests.swift in Sources */,
			);
			runOnlyForDeploymentPostprocessing = 0;
		};
		FFE6EA891DBAA8DF0045CB76 /* Sources */ = {
			isa = PBXSourcesBuildPhase;
			buildActionMask = 2147483647;
			files = (
				FFE6EAA41DBAAA2C0045CB76 /* CalculatorService.swift in Sources */,
				FFE6EAA71DBAAD4B0045CB76 /* CalculatorViewController.swift in Sources */,
				FFE6EA911DBAA8E00045CB76 /* AppDelegate.swift in Sources */,
				FFE6EAA91DBAB3CD0045CB76 /* Operation.swift in Sources */,
			);
			runOnlyForDeploymentPostprocessing = 0;
		};
/* End PBXSourcesBuildPhase section */

/* Begin PBXTargetDependency section */
		FF3862451DE3E5A0006749EF /* PBXTargetDependency */ = {
			isa = PBXTargetDependency;
			target = FFE6EA8C1DBAA8DF0045CB76 /* Calculator */;
			targetProxy = FF3862441DE3E5A0006749EF /* PBXContainerItemProxy */;
		};
/* End PBXTargetDependency section */

/* Begin PBXVariantGroup section */
		FFE6EA941DBAA8E00045CB76 /* Main.storyboard */ = {
			isa = PBXVariantGroup;
			children = (
				FFE6EA951DBAA8E00045CB76 /* Base */,
			);
			name = Main.storyboard;
			sourceTree = "<group>";
		};
		FFE6EA991DBAA8E00045CB76 /* LaunchScreen.storyboard */ = {
			isa = PBXVariantGroup;
			children = (
				FFE6EA9A1DBAA8E00045CB76 /* Base */,
			);
			name = LaunchScreen.storyboard;
			sourceTree = "<group>";
		};
/* End PBXVariantGroup section */

/* Begin XCBuildConfiguration section */
		FF3862471DE3E5A0006749EF /* Debug */ = {
			isa = XCBuildConfiguration;
			buildSettings = {
				BUNDLE_LOADER = "$(TEST_HOST)";
				DEVELOPMENT_TEAM = EH74SS8EP5;
				INFOPLIST_FILE = CalculatorTests/Info.plist;
				IPHONEOS_DEPLOYMENT_TARGET = 10.1;
				LD_RUNPATH_SEARCH_PATHS = "$(inherited) @executable_path/Frameworks @loader_path/Frameworks";
				PRODUCT_BUNDLE_IDENTIFIER = io.caeno.samples.CalculatorTests;
				PRODUCT_NAME = "$(TARGET_NAME)";
				SWIFT_VERSION = 3.0;
				TEST_HOST = "$(BUILT_PRODUCTS_DIR)/Calculator.app/Calculator";
			};
			name = Debug;
		};
		FF3862481DE3E5A0006749EF /* Release */ = {
			isa = XCBuildConfiguration;
			buildSettings = {
				BUNDLE_LOADER = "$(TEST_HOST)";
				DEVELOPMENT_TEAM = EH74SS8EP5;
				INFOPLIST_FILE = CalculatorTests/Info.plist;
				IPHONEOS_DEPLOYMENT_TARGET = 10.1;
				LD_RUNPATH_SEARCH_PATHS = "$(inherited) @executable_path/Frameworks @loader_path/Frameworks";
				PRODUCT_BUNDLE_IDENTIFIER = io.caeno.samples.CalculatorTests;
				PRODUCT_NAME = "$(TARGET_NAME)";
				SWIFT_VERSION = 3.0;
				TEST_HOST = "$(BUILT_PRODUCTS_DIR)/Calculator.app/Calculator";
			};
			name = Release;
		};
		FFE6EA9D1DBAA8E00045CB76 /* Debug */ = {
			isa = XCBuildConfiguration;
			buildSettings = {
				ALWAYS_SEARCH_USER_PATHS = NO;
				CLANG_ANALYZER_NONNULL = YES;
				CLANG_CXX_LANGUAGE_STANDARD = "gnu++0x";
				CLANG_CXX_LIBRARY = "libc++";
				CLANG_ENABLE_MODULES = YES;
				CLANG_ENABLE_OBJC_ARC = YES;
				CLANG_WARN_BOOL_CONVERSION = YES;
				CLANG_WARN_CONSTANT_CONVERSION = YES;
				CLANG_WARN_DIRECT_OBJC_ISA_USAGE = YES_ERROR;
				CLANG_WARN_DOCUMENTATION_COMMENTS = YES;
				CLANG_WARN_EMPTY_BODY = YES;
				CLANG_WARN_ENUM_CONVERSION = YES;
				CLANG_WARN_INFINITE_RECURSION = YES;
				CLANG_WARN_INT_CONVERSION = YES;
				CLANG_WARN_OBJC_ROOT_CLASS = YES_ERROR;
				CLANG_WARN_SUSPICIOUS_MOVE = YES;
				CLANG_WARN_SUSPICIOUS_MOVES = YES;
				CLANG_WARN_UNREACHABLE_CODE = YES;
				CLANG_WARN__DUPLICATE_METHOD_MATCH = YES;
				"CODE_SIGN_IDENTITY[sdk=iphoneos*]" = "iPhone Developer";
				COPY_PHASE_STRIP = NO;
				DEBUG_INFORMATION_FORMAT = dwarf;
				ENABLE_STRICT_OBJC_MSGSEND = YES;
				ENABLE_TESTABILITY = YES;
				GCC_C_LANGUAGE_STANDARD = gnu99;
				GCC_DYNAMIC_NO_PIC = NO;
				GCC_NO_COMMON_BLOCKS = YES;
				GCC_OPTIMIZATION_LEVEL = 0;
				GCC_PREPROCESSOR_DEFINITIONS = (
					"DEBUG=1",
					"$(inherited)",
				);
				GCC_WARN_64_TO_32_BIT_CONVERSION = YES;
				GCC_WARN_ABOUT_RETURN_TYPE = YES_ERROR;
				GCC_WARN_UNDECLARED_SELECTOR = YES;
				GCC_WARN_UNINITIALIZED_AUTOS = YES_AGGRESSIVE;
				GCC_WARN_UNUSED_FUNCTION = YES;
				GCC_WARN_UNUSED_VARIABLE = YES;
				IPHONEOS_DEPLOYMENT_TARGET = 10.0;
				MTL_ENABLE_DEBUG_INFO = YES;
				ONLY_ACTIVE_ARCH = YES;
				SDKROOT = iphoneos;
				SWIFT_ACTIVE_COMPILATION_CONDITIONS = DEBUG;
				SWIFT_OPTIMIZATION_LEVEL = "-Onone";
				TARGETED_DEVICE_FAMILY = "1,2";
			};
			name = Debug;
		};
		FFE6EA9E1DBAA8E00045CB76 /* Release */ = {
			isa = XCBuildConfiguration;
			buildSettings = {
				ALWAYS_SEARCH_USER_PATHS = NO;
				CLANG_ANALYZER_NONNULL = YES;
				CLANG_CXX_LANGUAGE_STANDARD = "gnu++0x";
				CLANG_CXX_LIBRARY = "libc++";
				CLANG_ENABLE_MODULES = YES;
				CLANG_ENABLE_OBJC_ARC = YES;
				CLANG_WARN_BOOL_CONVERSION = YES;
				CLANG_WARN_CONSTANT_CONVERSION = YES;
				CLANG_WARN_DIRECT_OBJC_ISA_USAGE = YES_ERROR;
				CLANG_WARN_DOCUMENTATION_COMMENTS = YES;
				CLANG_WARN_EMPTY_BODY = YES;
				CLANG_WARN_ENUM_CONVERSION = YES;
				CLANG_WARN_INFINITE_RECURSION = YES;
				CLANG_WARN_INT_CONVERSION = YES;
				CLANG_WARN_OBJC_ROOT_CLASS = YES_ERROR;
				CLANG_WARN_SUSPICIOUS_MOVE = YES;
				CLANG_WARN_SUSPICIOUS_MOVES = YES;
				CLANG_WARN_UNREACHABLE_CODE = YES;
				CLANG_WARN__DUPLICATE_METHOD_MATCH = YES;
				"CODE_SIGN_IDENTITY[sdk=iphoneos*]" = "iPhone Developer";
				COPY_PHASE_STRIP = NO;
				DEBUG_INFORMATION_FORMAT = "dwarf-with-dsym";
				ENABLE_NS_ASSERTIONS = NO;
				ENABLE_STRICT_OBJC_MSGSEND = YES;
				GCC_C_LANGUAGE_STANDARD = gnu99;
				GCC_NO_COMMON_BLOCKS = YES;
				GCC_WARN_64_TO_32_BIT_CONVERSION = YES;
				GCC_WARN_ABOUT_RETURN_TYPE = YES_ERROR;
				GCC_WARN_UNDECLARED_SELECTOR = YES;
				GCC_WARN_UNINITIALIZED_AUTOS = YES_AGGRESSIVE;
				GCC_WARN_UNUSED_FUNCTION = YES;
				GCC_WARN_UNUSED_VARIABLE = YES;
				IPHONEOS_DEPLOYMENT_TARGET = 10.0;
				MTL_ENABLE_DEBUG_INFO = NO;
				SDKROOT = iphoneos;
				SWIFT_OPTIMIZATION_LEVEL = "-Owholemodule";
				TARGETED_DEVICE_FAMILY = "1,2";
				VALIDATE_PRODUCT = YES;
			};
			name = Release;
		};
		FFE6EAA01DBAA8E00045CB76 /* Debug */ = {
			isa = XCBuildConfiguration;
			buildSettings = {
				ASSETCATALOG_COMPILER_APPICON_NAME = AppIcon;
				DEVELOPMENT_TEAM = EH74SS8EP5;
				INFOPLIST_FILE = Calculator/Info.plist;
				LD_RUNPATH_SEARCH_PATHS = "$(inherited) @executable_path/Frameworks";
				PRODUCT_BUNDLE_IDENTIFIER = io.caeno.Calculator;
				PRODUCT_NAME = "$(TARGET_NAME)";
				SWIFT_VERSION = 3.0;
			};
			name = Debug;
		};
		FFE6EAA11DBAA8E00045CB76 /* Release */ = {
			isa = XCBuildConfiguration;
			buildSettings = {
				ASSETCATALOG_COMPILER_APPICON_NAME = AppIcon;
				DEVELOPMENT_TEAM = EH74SS8EP5;
				INFOPLIST_FILE = Calculator/Info.plist;
				LD_RUNPATH_SEARCH_PATHS = "$(inherited) @executable_path/Frameworks";
				PRODUCT_BUNDLE_IDENTIFIER = io.caeno.Calculator;
				PRODUCT_NAME = "$(TARGET_NAME)";
				SWIFT_VERSION = 3.0;
			};
			name = Release;
		};
/* End XCBuildConfiguration section */

/* Begin XCConfigurationList section */
		FF3862461DE3E5A0006749EF /* Build configuration list for PBXNativeTarget "CalculatorTests" */ = {
			isa = XCConfigurationList;
			buildConfigurations = (
				FF3862471DE3E5A0006749EF /* Debug */,
				FF3862481DE3E5A0006749EF /* Release */,
			);
			defaultConfigurationIsVisible = 0;
			defaultConfigurationName = Release;
		};
		FFE6EA881DBAA8DF0045CB76 /* Build configuration list for PBXProject "Calculator" */ = {
			isa = XCConfigurationList;
			buildConfigurations = (
				FFE6EA9D1DBAA8E00045CB76 /* Debug */,
				FFE6EA9E1DBAA8E00045CB76 /* Release */,
			);
			defaultConfigurationIsVisible = 0;
			defaultConfigurationName = Release;
		};
		FFE6EA9F1DBAA8E00045CB76 /* Build configuration list for PBXNativeTarget "Calculator" */ = {
			isa = XCConfigurationList;
			buildConfigurations = (
				FFE6EAA01DBAA8E00045CB76 /* Debug */,
				FFE6EAA11DBAA8E00045CB76 /* Release */,
			);
			defaultConfigurationIsVisible = 0;
			defaultConfigurationName = Release;
		};
/* End XCConfigurationList section */
	};
	rootObject = FFE6EA851DBAA8DF0045CB76 /* Project object */;
}
